
Microsoft Visual Studio Solution File, Format Version 12.00
# Visual Studio Version 17
VisualStudioVersion = 17.8.34309.116
MinimumVisualStudioVersion = 10.0.40219.1
Project("{FAE04EC0-301F-11D3-BF4B-00C04F79EFBC}") = "UHF RFID READER", "UHF RFID READER.csproj", "{2F2ECB0E-C3D7-42E2-84BA-9272AFE54BC1}"
EndProject
Global
	GlobalSection(SolutionConfigurationPlatforms) = preSolution
		Debug|Any CPU = Debug|Any CPU
		Release|Any CPU = Release|Any CPU
	EndGlobalSection
	GlobalSection(ProjectConfigurationPlatforms) = postSolution
		{2F2ECB0E-C3D7-42E2-84BA-9272AFE54BC1}.Debug|Any CPU.ActiveCfg = Debug|Any CPU
		{2F2ECB0E-C3D7-42E2-84BA-9272AFE54BC1}.Debug|Any CPU.Build.0 = Debug|Any CPU
		{2F2ECB0E-C3D7-42E2-84BA-9272AFE54BC1}.Release|Any CPU.ActiveCfg = Release|Any CPU
		{2F2ECB0E-C3D7-42E2-84BA-9272AFE54BC1}.Release|Any CPU.Build.0 = Release|Any CPU
	EndGlobalSection
	GlobalSection(SolutionProperties) = preSolution
		HideSolutionNode = FALSE
	EndGlobalSection
	GlobalSection(ExtensibilityGlobals) = postSolution
		SolutionGuid = {599C5ED8-DC4D-4B69-8DA4-64DBCE3BB231}
	EndGlobalSection
EndGlobal
